// !$*UTF8*$!
{
	archiveVersion = 1;
	classes = {
	};
	objectVersion = 56;
	objects = {

/* Begin PBXBuildFile section */
		B6B2655F2A8066E80040ACBD /* shareApp.swift in Sources */ = {isa = PBXBuildFile; fileRef = B6B2655E2A8066E80040ACBD /* shareApp.swift */; };
		B6B265612A8066E80040ACBD /* Persistence.swift in Sources */ = {isa = PBXBuildFile; fileRef = B6B265602A8066E80040ACBD /* Persistence.swift */; };
		B6B265642A8066E80040ACBD /* share.xcdatamodeld in Sources */ = {isa = PBXBuildFile; fileRef = B6B265622A8066E80040ACBD /* share.xcdatamodeld */; };
		B6B265662A8066E80040ACBD /* ContentView.swift in Sources */ = {isa = PBXBuildFile; fileRef = B6B265652A8066E80040ACBD /* ContentView.swift */; };
		B6B265682A8066E90040ACBD /* Assets.xcassets in Resources */ = {isa = PBXBuildFile; fileRef = B6B265672A8066E90040ACBD /* Assets.xcassets */; };
		B6B2656C2A8066E90040ACBD /* Preview Assets.xcassets in Resources */ = {isa = PBXBuildFile; fileRef = B6B2656B2A8066E90040ACBD /* Preview Assets.xcassets */; };
		B6B265762A8066E90040ACBD /* shareTests.swift in Sources */ = {isa = PBXBuildFile; fileRef = B6B265752A8066E90040ACBD /* shareTests.swift */; };
		B6B265802A8066E90040ACBD /* shareUITests.swift in Sources */ = {isa = PBXBuildFile; fileRef = B6B2657F2A8066E90040ACBD /* shareUITests.swift */; };
		B6B265822A8066E90040ACBD /* shareUITestsLaunchTests.swift in Sources */ = {isa = PBXBuildFile; fileRef = B6B265812A8066E90040ACBD /* shareUITestsLaunchTests.swift */; };
		B6B2658C2A8066FD0040ACBD /* share.py in Resources */ = {isa = PBXBuildFile; fileRef = B6B265552A8056CE0040ACBD /* share.py */; };
		B6B2658D2A8067020040ACBD /* requirements.txt in Resources */ = {isa = PBXBuildFile; fileRef = B6B265522A8056CE0040ACBD /* requirements.txt */; };
		B6B2658E2A8067050040ACBD /* README.md in Resources */ = {isa = PBXBuildFile; fileRef = B6B265542A8056CE0040ACBD /* README.md */; };
		B6B2658F2A8067070040ACBD /* example_credentials.py in Resources */ = {isa = PBXBuildFile; fileRef = B6B265532A8056CE0040ACBD /* example_credentials.py */; };
/* End PBXBuildFile section */

/* Begin PBXContainerItemProxy section */
		B6B265722A8066E90040ACBD /* PBXContainerItemProxy */ = {
			isa = PBXContainerItemProxy;
			containerPortal = B6B265442A8055E30040ACBD /* Project object */;
			proxyType = 1;
			remoteGlobalIDString = B6B2655A2A8066E80040ACBD;
			remoteInfo = share;
		};
		B6B2657C2A8066E90040ACBD /* PBXContainerItemProxy */ = {
			isa = PBXContainerItemProxy;
			containerPortal = B6B265442A8055E30040ACBD /* Project object */;
			proxyType = 1;
			remoteGlobalIDString = B6B2655A2A8066E80040ACBD;
			remoteInfo = share;
		};
/* End PBXContainerItemProxy section */

/* Begin PBXFileReference section */
		B6B265522A8056CE0040ACBD /* requirements.txt */ = {isa = PBXFileReference; fileEncoding = 4; lastKnownFileType = text; path = requirements.txt; sourceTree = "<group>"; };
		B6B265532A8056CE0040ACBD /* example_credentials.py */ = {isa = PBXFileReference; fileEncoding = 4; lastKnownFileType = text.script.python; path = example_credentials.py; sourceTree = "<group>"; };
		B6B265542A8056CE0040ACBD /* README.md */ = {isa = PBXFileReference; fileEncoding = 4; lastKnownFileType = net.daringfireball.markdown; path = README.md; sourceTree = "<group>"; };
		B6B265552A8056CE0040ACBD /* share.py */ = {isa = PBXFileReference; fileEncoding = 4; lastKnownFileType = text.script.python; path = share.py; sourceTree = "<group>"; };
		B6B265562A805B8A0040ACBD /* Makefile */ = {isa = PBXFileReference; lastKnownFileType = sourcecode.make; path = Makefile; sourceTree = "<group>"; };
		B6B2655B2A8066E80040ACBD /* share.app */ = {isa = PBXFileReference; explicitFileType = wrapper.application; includeInIndex = 0; path = share.app; sourceTree = BUILT_PRODUCTS_DIR; };
		B6B2655E2A8066E80040ACBD /* shareApp.swift */ = {isa = PBXFileReference; lastKnownFileType = sourcecode.swift; path = shareApp.swift; sourceTree = "<group>"; };
		B6B265602A8066E80040ACBD /* Persistence.swift */ = {isa = PBXFileReference; lastKnownFileType = sourcecode.swift; path = Persistence.swift; sourceTree = "<group>"; };
		B6B265632A8066E80040ACBD /* share.xcdatamodel */ = {isa = PBXFileReference; lastKnownFileType = wrapper.xcdatamodel; path = share.xcdatamodel; sourceTree = "<group>"; };
		B6B265652A8066E80040ACBD /* ContentView.swift */ = {isa = PBXFileReference; lastKnownFileType = sourcecode.swift; path = ContentView.swift; sourceTree = "<group>"; };
		B6B265672A8066E90040ACBD /* Assets.xcassets */ = {isa = PBXFileReference; lastKnownFileType = folder.assetcatalog; path = Assets.xcassets; sourceTree = "<group>"; };
		B6B265692A8066E90040ACBD /* share.entitlements */ = {isa = PBXFileReference; lastKnownFileType = text.plist.entitlements; path = share.entitlements; sourceTree = "<group>"; };
		B6B2656B2A8066E90040ACBD /* Preview Assets.xcassets */ = {isa = PBXFileReference; lastKnownFileType = folder.assetcatalog; path = "Preview Assets.xcassets"; sourceTree = "<group>"; };
		B6B265712A8066E90040ACBD /* shareTests.xctest */ = {isa = PBXFileReference; explicitFileType = wrapper.cfbundle; includeInIndex = 0; path = shareTests.xctest; sourceTree = BUILT_PRODUCTS_DIR; };
		B6B265752A8066E90040ACBD /* shareTests.swift */ = {isa = PBXFileReference; lastKnownFileType = sourcecode.swift; path = shareTests.swift; sourceTree = "<group>"; };
		B6B2657B2A8066E90040ACBD /* shareUITests.xctest */ = {isa = PBXFileReference; explicitFileType = wrapper.cfbundle; includeInIndex = 0; path = shareUITests.xctest; sourceTree = BUILT_PRODUCTS_DIR; };
		B6B2657F2A8066E90040ACBD /* shareUITests.swift */ = {isa = PBXFileReference; lastKnownFileType = sourcecode.swift; path = shareUITests.swift; sourceTree = "<group>"; };
		B6B265812A8066E90040ACBD /* shareUITestsLaunchTests.swift */ = {isa = PBXFileReference; lastKnownFileType = sourcecode.swift; path = shareUITestsLaunchTests.swift; sourceTree = "<group>"; };
/* End PBXFileReference section */

/* Begin PBXFrameworksBuildPhase section */
		B6B265582A8066E80040ACBD /* Frameworks */ = {
			isa = PBXFrameworksBuildPhase;
			buildActionMask = 2147483647;
			files = (
			);
			runOnlyForDeploymentPostprocessing = 0;
		};
		B6B2656E2A8066E90040ACBD /* Frameworks */ = {
			isa = PBXFrameworksBuildPhase;
			buildActionMask = 2147483647;
			files = (
			);
			runOnlyForDeploymentPostprocessing = 0;
		};
		B6B265782A8066E90040ACBD /* Frameworks */ = {
			isa = PBXFrameworksBuildPhase;
			buildActionMask = 2147483647;
			files = (
			);
			runOnlyForDeploymentPostprocessing = 0;
		};
/* End PBXFrameworksBuildPhase section */

/* Begin PBXGroup section */
		B6B265432A8055E30040ACBD = {
			isa = PBXGroup;
			children = (
				B6B265562A805B8A0040ACBD /* Makefile */,
				B6B265532A8056CE0040ACBD /* example_credentials.py */,
				B6B265542A8056CE0040ACBD /* README.md */,
				B6B265522A8056CE0040ACBD /* requirements.txt */,
				B6B265552A8056CE0040ACBD /* share.py */,
				B6B2655D2A8066E80040ACBD /* share */,
				B6B265742A8066E90040ACBD /* shareTests */,
				B6B2657E2A8066E90040ACBD /* shareUITests */,
				B6B2655C2A8066E80040ACBD /* Products */,
			);
			sourceTree = "<group>";
		};
		B6B2655C2A8066E80040ACBD /* Products */ = {
			isa = PBXGroup;
			children = (
				B6B2655B2A8066E80040ACBD /* share.app */,
				B6B265712A8066E90040ACBD /* shareTests.xctest */,
				B6B2657B2A8066E90040ACBD /* shareUITests.xctest */,
			);
			name = Products;
			sourceTree = "<group>";
		};
		B6B2655D2A8066E80040ACBD /* share */ = {
			isa = PBXGroup;
			children = (
				B6B2655E2A8066E80040ACBD /* shareApp.swift */,
				B6B265602A8066E80040ACBD /* Persistence.swift */,
				B6B265652A8066E80040ACBD /* ContentView.swift */,
				B6B265672A8066E90040ACBD /* Assets.xcassets */,
				B6B265692A8066E90040ACBD /* share.entitlements */,
				B6B265622A8066E80040ACBD /* share.xcdatamodeld */,
				B6B2656A2A8066E90040ACBD /* Preview Content */,
			);
			path = share;
			sourceTree = "<group>";
		};
		B6B2656A2A8066E90040ACBD /* Preview Content */ = {
			isa = PBXGroup;
			children = (
				B6B2656B2A8066E90040ACBD /* Preview Assets.xcassets */,
			);
			path = "Preview Content";
			sourceTree = "<group>";
		};
		B6B265742A8066E90040ACBD /* shareTests */ = {
			isa = PBXGroup;
			children = (
				B6B265752A8066E90040ACBD /* shareTests.swift */,
			);
			path = shareTests;
			sourceTree = "<group>";
		};
		B6B2657E2A8066E90040ACBD /* shareUITests */ = {
			isa = PBXGroup;
			children = (
				B6B2657F2A8066E90040ACBD /* shareUITests.swift */,
				B6B265812A8066E90040ACBD /* shareUITestsLaunchTests.swift */,
			);
			path = shareUITests;
			sourceTree = "<group>";
		};
/* End PBXGroup section */

/* Begin PBXLegacyTarget section */
		B6B265482A8055E30040ACBD /* poshamatic */ = {
			isa = PBXLegacyTarget;
			buildArgumentsString = "$(ACTION)";
			buildConfigurationList = B6B2654B2A8055E30040ACBD /* Build configuration list for PBXLegacyTarget "poshamatic" */;
			buildPhases = (
			);
			buildToolPath = /usr/bin/make;
			dependencies = (
			);
			name = poshamatic;
			passBuildSettingsInEnvironment = 1;
			productName = poshamatic;
		};
		B6B265902A8067660040ACBD /* posh */ = {
			isa = PBXLegacyTarget;
			buildArgumentsString = "$(ACTION)";
			buildConfigurationList = B6B265912A8067660040ACBD /* Build configuration list for PBXLegacyTarget "posh" */;
			buildPhases = (
			);
			buildToolPath = /usr/bin/make;
			dependencies = (
			);
			name = posh;
			passBuildSettingsInEnvironment = 1;
			productName = posh;
		};
/* End PBXLegacyTarget section */

/* Begin PBXNativeTarget section */
		B6B2655A2A8066E80040ACBD /* share */ = {
			isa = PBXNativeTarget;
			buildConfigurationList = B6B265832A8066E90040ACBD /* Build configuration list for PBXNativeTarget "share" */;
			buildPhases = (
				B6B265572A8066E80040ACBD /* Sources */,
				B6B265582A8066E80040ACBD /* Frameworks */,
				B6B265592A8066E80040ACBD /* Resources */,
			);
			buildRules = (
			);
			dependencies = (
			);
			name = share;
			productName = share;
			productReference = B6B2655B2A8066E80040ACBD /* share.app */;
			productType = "com.apple.product-type.application";
		};
		B6B265702A8066E90040ACBD /* shareTests */ = {
			isa = PBXNativeTarget;
			buildConfigurationList = B6B265862A8066E90040ACBD /* Build configuration list for PBXNativeTarget "shareTests" */;
			buildPhases = (
				B6B2656D2A8066E90040ACBD /* Sources */,
				B6B2656E2A8066E90040ACBD /* Frameworks */,
				B6B2656F2A8066E90040ACBD /* Resources */,
			);
			buildRules = (
			);
			dependencies = (
				B6B265732A8066E90040ACBD /* PBXTargetDependency */,
			);
			name = shareTests;
			productName = shareTests;
			productReference = B6B265712A8066E90040ACBD /* shareTests.xctest */;
			productType = "com.apple.product-type.bundle.unit-test";
		};
		B6B2657A2A8066E90040ACBD /* shareUITests */ = {
			isa = PBXNativeTarget;
			buildConfigurationList = B6B265892A8066E90040ACBD /* Build configuration list for PBXNativeTarget "shareUITests" */;
			buildPhases = (
				B6B265772A8066E90040ACBD /* Sources */,
				B6B265782A8066E90040ACBD /* Frameworks */,
				B6B265792A8066E90040ACBD /* Resources */,
			);
			buildRules = (
			);
			dependencies = (
				B6B2657D2A8066E90040ACBD /* PBXTargetDependency */,
			);
			name = shareUITests;
			productName = shareUITests;
			productReference = B6B2657B2A8066E90040ACBD /* shareUITests.xctest */;
			productType = "com.apple.product-type.bundle.ui-testing";
		};
/* End PBXNativeTarget section */

/* Begin PBXProject section */
		B6B265442A8055E30040ACBD /* Project object */ = {
			isa = PBXProject;
			attributes = {
				BuildIndependentTargetsInParallel = 1;
				LastSwiftUpdateCheck = 1430;
				LastUpgradeCheck = 1430;
				TargetAttributes = {
					B6B265482A8055E30040ACBD = {
						CreatedOnToolsVersion = 14.3.1;
					};
					B6B2655A2A8066E80040ACBD = {
						CreatedOnToolsVersion = 14.3.1;
					};
					B6B265702A8066E90040ACBD = {
						CreatedOnToolsVersion = 14.3.1;
						TestTargetID = B6B2655A2A8066E80040ACBD;
					};
					B6B2657A2A8066E90040ACBD = {
						CreatedOnToolsVersion = 14.3.1;
						TestTargetID = B6B2655A2A8066E80040ACBD;
					};
					B6B265902A8067660040ACBD = {
						CreatedOnToolsVersion = 14.3.1;
					};
				};
			};
			buildConfigurationList = B6B265472A8055E30040ACBD /* Build configuration list for PBXProject "poshamatic" */;
			compatibilityVersion = "Xcode 14.0";
			developmentRegion = en;
			hasScannedForEncodings = 0;
			knownRegions = (
				en,
				Base,
			);
			mainGroup = B6B265432A8055E30040ACBD;
			productRefGroup = B6B2655C2A8066E80040ACBD /* Products */;
			projectDirPath = "";
			projectRoot = "";
			targets = (
				B6B265482A8055E30040ACBD /* poshamatic */,
				B6B2655A2A8066E80040ACBD /* share */,
				B6B265702A8066E90040ACBD /* shareTests */,
				B6B2657A2A8066E90040ACBD /* shareUITests */,
				B6B265902A8067660040ACBD /* posh */,
			);
		};
/* End PBXProject section */

/* Begin PBXResourcesBuildPhase section */
		B6B265592A8066E80040ACBD /* Resources */ = {
			isa = PBXResourcesBuildPhase;
			buildActionMask = 2147483647;
			files = (
				B6B2656C2A8066E90040ACBD /* Preview Assets.xcassets in Resources */,
				B6B265682A8066E90040ACBD /* Assets.xcassets in Resources */,
				B6B2658F2A8067070040ACBD /* example_credentials.py in Resources */,
				B6B2658E2A8067050040ACBD /* README.md in Resources */,
				B6B2658D2A8067020040ACBD /* requirements.txt in Resources */,
				B6B2658C2A8066FD0040ACBD /* share.py in Resources */,
			);
			runOnlyForDeploymentPostprocessing = 0;
		};
		B6B2656F2A8066E90040ACBD /* Resources */ = {
			isa = PBXResourcesBuildPhase;
			buildActionMask = 2147483647;
			files = (
			);
			runOnlyForDeploymentPostprocessing = 0;
		};
		B6B265792A8066E90040ACBD /* Resources */ = {
			isa = PBXResourcesBuildPhase;
			buildActionMask = 2147483647;
			files = (
			);
			runOnlyForDeploymentPostprocessing = 0;
		};
/* End PBXResourcesBuildPhase section */

/* Begin PBXSourcesBuildPhase section */
		B6B265572A8066E80040ACBD /* Sources */ = {
			isa = PBXSourcesBuildPhase;
			buildActionMask = 2147483647;
			files = (
				B6B265642A8066E80040ACBD /* share.xcdatamodeld in Sources */,
				B6B2655F2A8066E80040ACBD /* shareApp.swift in Sources */,
				B6B265662A8066E80040ACBD /* ContentView.swift in Sources */,
				B6B265612A8066E80040ACBD /* Persistence.swift in Sources */,
			);
			runOnlyForDeploymentPostprocessing = 0;
		};
		B6B2656D2A8066E90040ACBD /* Sources */ = {
			isa = PBXSourcesBuildPhase;
			buildActionMask = 2147483647;
			files = (
				B6B265762A8066E90040ACBD /* shareTests.swift in Sources */,
			);
			runOnlyForDeploymentPostprocessing = 0;
		};
		B6B265772A8066E90040ACBD /* Sources */ = {
			isa = PBXSourcesBuildPhase;
			buildActionMask = 2147483647;
			files = (
				B6B265822A8066E90040ACBD /* shareUITestsLaunchTests.swift in Sources */,
				B6B265802A8066E90040ACBD /* shareUITests.swift in Sources */,
			);
			runOnlyForDeploymentPostprocessing = 0;
		};
/* End PBXSourcesBuildPhase section */

/* Begin PBXTargetDependency section */
		B6B265732A8066E90040ACBD /* PBXTargetDependency */ = {
			isa = PBXTargetDependency;
			target = B6B2655A2A8066E80040ACBD /* share */;
			targetProxy = B6B265722A8066E90040ACBD /* PBXContainerItemProxy */;
		};
		B6B2657D2A8066E90040ACBD /* PBXTargetDependency */ = {
			isa = PBXTargetDependency;
			target = B6B2655A2A8066E80040ACBD /* share */;
			targetProxy = B6B2657C2A8066E90040ACBD /* PBXContainerItemProxy */;
		};
/* End PBXTargetDependency section */

/* Begin XCBuildConfiguration section */
		B6B265492A8055E30040ACBD /* Debug */ = {
			isa = XCBuildConfiguration;
			buildSettings = {
				ALWAYS_SEARCH_USER_PATHS = NO;
				CLANG_ANALYZER_NONNULL = YES;
				CLANG_ANALYZER_NUMBER_OBJECT_CONVERSION = YES_AGGRESSIVE;
				CLANG_CXX_LANGUAGE_STANDARD = "gnu++20";
				CLANG_ENABLE_MODULES = YES;
				CLANG_ENABLE_OBJC_ARC = YES;
				CLANG_ENABLE_OBJC_WEAK = YES;
				CLANG_WARN_BLOCK_CAPTURE_AUTORELEASING = YES;
				CLANG_WARN_BOOL_CONVERSION = YES;
				CLANG_WARN_COMMA = YES;
				CLANG_WARN_CONSTANT_CONVERSION = YES;
				CLANG_WARN_DEPRECATED_OBJC_IMPLEMENTATIONS = YES;
				CLANG_WARN_DIRECT_OBJC_ISA_USAGE = YES_ERROR;
				CLANG_WARN_DOCUMENTATION_COMMENTS = YES;
				CLANG_WARN_EMPTY_BODY = YES;
				CLANG_WARN_ENUM_CONVERSION = YES;
				CLANG_WARN_INFINITE_RECURSION = YES;
				CLANG_WARN_INT_CONVERSION = YES;
				CLANG_WARN_NON_LITERAL_NULL_CONVERSION = YES;
				CLANG_WARN_OBJC_IMPLICIT_RETAIN_SELF = YES;
				CLANG_WARN_OBJC_LITERAL_CONVERSION = YES;
				CLANG_WARN_OBJC_ROOT_CLASS = YES_ERROR;
				CLANG_WARN_QUOTED_INCLUDE_IN_FRAMEWORK_HEADER = YES;
				CLANG_WARN_RANGE_LOOP_ANALYSIS = YES;
				CLANG_WARN_STRICT_PROTOTYPES = YES;
				CLANG_WARN_SUSPICIOUS_MOVE = YES;
				CLANG_WARN_UNGUARDED_AVAILABILITY = YES_AGGRESSIVE;
				CLANG_WARN_UNREACHABLE_CODE = YES;
				CLANG_WARN__DUPLICATE_METHOD_MATCH = YES;
				COPY_PHASE_STRIP = NO;
				DEBUG_INFORMATION_FORMAT = dwarf;
				ENABLE_STRICT_OBJC_MSGSEND = YES;
				ENABLE_TESTABILITY = YES;
				GCC_C_LANGUAGE_STANDARD = gnu11;
				GCC_DYNAMIC_NO_PIC = NO;
				GCC_NO_COMMON_BLOCKS = YES;
				GCC_OPTIMIZATION_LEVEL = 0;
				GCC_PREPROCESSOR_DEFINITIONS = (
					"DEBUG=1",
					"$(inherited)",
				);
				GCC_WARN_64_TO_32_BIT_CONVERSION = YES;
				GCC_WARN_ABOUT_RETURN_TYPE = YES_ERROR;
				GCC_WARN_UNDECLARED_SELECTOR = YES;
				GCC_WARN_UNINITIALIZED_AUTOS = YES_AGGRESSIVE;
				GCC_WARN_UNUSED_FUNCTION = YES;
				GCC_WARN_UNUSED_VARIABLE = YES;
				MTL_ENABLE_DEBUG_INFO = INCLUDE_SOURCE;
				MTL_FAST_MATH = YES;
				ONLY_ACTIVE_ARCH = YES;
			};
			name = Debug;
		};
		B6B2654A2A8055E30040ACBD /* Release */ = {
			isa = XCBuildConfiguration;
			buildSettings = {
				ALWAYS_SEARCH_USER_PATHS = NO;
				CLANG_ANALYZER_NONNULL = YES;
				CLANG_ANALYZER_NUMBER_OBJECT_CONVERSION = YES_AGGRESSIVE;
				CLANG_CXX_LANGUAGE_STANDARD = "gnu++20";
				CLANG_ENABLE_MODULES = YES;
				CLANG_ENABLE_OBJC_ARC = YES;
				CLANG_ENABLE_OBJC_WEAK = YES;
				CLANG_WARN_BLOCK_CAPTURE_AUTORELEASING = YES;
				CLANG_WARN_BOOL_CONVERSION = YES;
				CLANG_WARN_COMMA = YES;
				CLANG_WARN_CONSTANT_CONVERSION = YES;
				CLANG_WARN_DEPRECATED_OBJC_IMPLEMENTATIONS = YES;
				CLANG_WARN_DIRECT_OBJC_ISA_USAGE = YES_ERROR;
				CLANG_WARN_DOCUMENTATION_COMMENTS = YES;
				CLANG_WARN_EMPTY_BODY = YES;
				CLANG_WARN_ENUM_CONVERSION = YES;
				CLANG_WARN_INFINITE_RECURSION = YES;
				CLANG_WARN_INT_CONVERSION = YES;
				CLANG_WARN_NON_LITERAL_NULL_CONVERSION = YES;
				CLANG_WARN_OBJC_IMPLICIT_RETAIN_SELF = YES;
				CLANG_WARN_OBJC_LITERAL_CONVERSION = YES;
				CLANG_WARN_OBJC_ROOT_CLASS = YES_ERROR;
				CLANG_WARN_QUOTED_INCLUDE_IN_FRAMEWORK_HEADER = YES;
				CLANG_WARN_RANGE_LOOP_ANALYSIS = YES;
				CLANG_WARN_STRICT_PROTOTYPES = YES;
				CLANG_WARN_SUSPICIOUS_MOVE = YES;
				CLANG_WARN_UNGUARDED_AVAILABILITY = YES_AGGRESSIVE;
				CLANG_WARN_UNREACHABLE_CODE = YES;
				CLANG_WARN__DUPLICATE_METHOD_MATCH = YES;
				COPY_PHASE_STRIP = NO;
				DEBUG_INFORMATION_FORMAT = "dwarf-with-dsym";
				ENABLE_NS_ASSERTIONS = NO;
				ENABLE_STRICT_OBJC_MSGSEND = YES;
				GCC_C_LANGUAGE_STANDARD = gnu11;
				GCC_NO_COMMON_BLOCKS = YES;
				GCC_WARN_64_TO_32_BIT_CONVERSION = YES;
				GCC_WARN_ABOUT_RETURN_TYPE = YES_ERROR;
				GCC_WARN_UNDECLARED_SELECTOR = YES;
				GCC_WARN_UNINITIALIZED_AUTOS = YES_AGGRESSIVE;
				GCC_WARN_UNUSED_FUNCTION = YES;
				GCC_WARN_UNUSED_VARIABLE = YES;
				MTL_ENABLE_DEBUG_INFO = NO;
				MTL_FAST_MATH = YES;
			};
			name = Release;
		};
		B6B2654C2A8055E30040ACBD /* Debug */ = {
			isa = XCBuildConfiguration;
			buildSettings = {
				CODE_SIGN_STYLE = Automatic;
				DEBUGGING_SYMBOLS = YES;
				DEBUG_INFORMATION_FORMAT = dwarf;
				GCC_GENERATE_DEBUGGING_SYMBOLS = YES;
				GCC_OPTIMIZATION_LEVEL = 0;
				OTHER_CFLAGS = "";
				OTHER_LDFLAGS = "";
				PRODUCT_NAME = "$(TARGET_NAME)";
			};
			name = Debug;
		};
		B6B2654D2A8055E30040ACBD /* Release */ = {
			isa = XCBuildConfiguration;
			buildSettings = {
				CODE_SIGN_STYLE = Automatic;
				DEBUG_INFORMATION_FORMAT = "dwarf-with-dsym";
				OTHER_CFLAGS = "";
				OTHER_LDFLAGS = "";
				PRODUCT_NAME = "$(TARGET_NAME)";
			};
			name = Release;
		};
		B6B265842A8066E90040ACBD /* Debug */ = {
			isa = XCBuildConfiguration;
			buildSettings = {
				ASSETCATALOG_COMPILER_APPICON_NAME = AppIcon;
				ASSETCATALOG_COMPILER_GLOBAL_ACCENT_COLOR_NAME = AccentColor;
				CODE_SIGN_ENTITLEMENTS = share/share.entitlements;
				CODE_SIGN_STYLE = Automatic;
				CURRENT_PROJECT_VERSION = 1;
				DEVELOPMENT_ASSET_PATHS = "\"share/Preview Content\"";
				ENABLE_PREVIEWS = YES;
				GENERATE_INFOPLIST_FILE = YES;
				"INFOPLIST_KEY_UIApplicationSceneManifest_Generation[sdk=iphoneos*]" = YES;
				"INFOPLIST_KEY_UIApplicationSceneManifest_Generation[sdk=iphonesimulator*]" = YES;
				"INFOPLIST_KEY_UIApplicationSupportsIndirectInputEvents[sdk=iphoneos*]" = YES;
				"INFOPLIST_KEY_UIApplicationSupportsIndirectInputEvents[sdk=iphonesimulator*]" = YES;
				"INFOPLIST_KEY_UILaunchScreen_Generation[sdk=iphoneos*]" = YES;
				"INFOPLIST_KEY_UILaunchScreen_Generation[sdk=iphonesimulator*]" = YES;
				"INFOPLIST_KEY_UIStatusBarStyle[sdk=iphoneos*]" = UIStatusBarStyleDefault;
				"INFOPLIST_KEY_UIStatusBarStyle[sdk=iphonesimulator*]" = UIStatusBarStyleDefault;
				INFOPLIST_KEY_UISupportedInterfaceOrientations_iPad = "UIInterfaceOrientationPortrait UIInterfaceOrientationPortraitUpsideDown UIInterfaceOrientationLandscapeLeft UIInterfaceOrientationLandscapeRight";
				INFOPLIST_KEY_UISupportedInterfaceOrientations_iPhone = "UIInterfaceOrientationPortrait UIInterfaceOrientationLandscapeLeft UIInterfaceOrientationLandscapeRight";
				IPHONEOS_DEPLOYMENT_TARGET = 16.4;
				LD_RUNPATH_SEARCH_PATHS = "@executable_path/Frameworks";
				"LD_RUNPATH_SEARCH_PATHS[sdk=macosx*]" = "@executable_path/../Frameworks";
				MACOSX_DEPLOYMENT_TARGET = 13.3;
				MARKETING_VERSION = 1.0;
				PRODUCT_BUNDLE_IDENTIFIER = lyndskg.share;
				PRODUCT_NAME = "$(TARGET_NAME)";
				SDKROOT = auto;
				SUPPORTED_PLATFORMS = "iphoneos iphonesimulator macosx";
				SWIFT_ACTIVE_COMPILATION_CONDITIONS = DEBUG;
				SWIFT_EMIT_LOC_STRINGS = YES;
				SWIFT_OPTIMIZATION_LEVEL = "-Onone";
				SWIFT_VERSION = 5.0;
				TARGETED_DEVICE_FAMILY = "1,2";
			};
			name = Debug;
		};
		B6B265852A8066E90040ACBD /* Release */ = {
			isa = XCBuildConfiguration;
			buildSettings = {
				ASSETCATALOG_COMPILER_APPICON_NAME = AppIcon;
				ASSETCATALOG_COMPILER_GLOBAL_ACCENT_COLOR_NAME = AccentColor;
				CODE_SIGN_ENTITLEMENTS = share/share.entitlements;
				CODE_SIGN_STYLE = Automatic;
				CURRENT_PROJECT_VERSION = 1;
				DEVELOPMENT_ASSET_PATHS = "\"share/Preview Content\"";
				ENABLE_PREVIEWS = YES;
				GENERATE_INFOPLIST_FILE = YES;
				"INFOPLIST_KEY_UIApplicationSceneManifest_Generation[sdk=iphoneos*]" = YES;
				"INFOPLIST_KEY_UIApplicationSceneManifest_Generation[sdk=iphonesimulator*]" = YES;
				"INFOPLIST_KEY_UIApplicationSupportsIndirectInputEvents[sdk=iphoneos*]" = YES;
				"INFOPLIST_KEY_UIApplicationSupportsIndirectInputEvents[sdk=iphonesimulator*]" = YES;
				"INFOPLIST_KEY_UILaunchScreen_Generation[sdk=iphoneos*]" = YES;
				"INFOPLIST_KEY_UILaunchScreen_Generation[sdk=iphonesimulator*]" = YES;
				"INFOPLIST_KEY_UIStatusBarStyle[sdk=iphoneos*]" = UIStatusBarStyleDefault;
				"INFOPLIST_KEY_UIStatusBarStyle[sdk=iphonesimulator*]" = UIStatusBarStyleDefault;
				INFOPLIST_KEY_UISupportedInterfaceOrientations_iPad = "UIInterfaceOrientationPortrait UIInterfaceOrientationPortraitUpsideDown UIInterfaceOrientationLandscapeLeft UIInterfaceOrientationLandscapeRight";
				INFOPLIST_KEY_UISupportedInterfaceOrientations_iPhone = "UIInterfaceOrientationPortrait UIInterfaceOrientationLandscapeLeft UIInterfaceOrientationLandscapeRight";
				IPHONEOS_DEPLOYMENT_TARGET = 16.4;
				LD_RUNPATH_SEARCH_PATHS = "@executable_path/Frameworks";
				"LD_RUNPATH_SEARCH_PATHS[sdk=macosx*]" = "@executable_path/../Frameworks";
				MACOSX_DEPLOYMENT_TARGET = 13.3;
				MARKETING_VERSION = 1.0;
				PRODUCT_BUNDLE_IDENTIFIER = lyndskg.share;
				PRODUCT_NAME = "$(TARGET_NAME)";
				SDKROOT = auto;
				SUPPORTED_PLATFORMS = "iphoneos iphonesimulator macosx";
				SWIFT_COMPILATION_MODE = wholemodule;
				SWIFT_EMIT_LOC_STRINGS = YES;
				SWIFT_OPTIMIZATION_LEVEL = "-O";
				SWIFT_VERSION = 5.0;
				TARGETED_DEVICE_FAMILY = "1,2";
			};
			name = Release;
		};
		B6B265872A8066E90040ACBD /* Debug */ = {
			isa = XCBuildConfiguration;
			buildSettings = {
				ALWAYS_EMBED_SWIFT_STANDARD_LIBRARIES = YES;
				BUNDLE_LOADER = "$(TEST_HOST)";
				CODE_SIGN_STYLE = Automatic;
				CURRENT_PROJECT_VERSION = 1;
				GENERATE_INFOPLIST_FILE = YES;
				IPHONEOS_DEPLOYMENT_TARGET = 16.4;
				MACOSX_DEPLOYMENT_TARGET = 13.3;
				MARKETING_VERSION = 1.0;
				PRODUCT_BUNDLE_IDENTIFIER = lyndskg.shareTests;
				PRODUCT_NAME = "$(TARGET_NAME)";
				SDKROOT = auto;
				SUPPORTED_PLATFORMS = "iphoneos iphonesimulator macosx";
				SWIFT_ACTIVE_COMPILATION_CONDITIONS = DEBUG;
				SWIFT_EMIT_LOC_STRINGS = NO;
				SWIFT_OPTIMIZATION_LEVEL = "-Onone";
				SWIFT_VERSION = 5.0;
				TARGETED_DEVICE_FAMILY = "1,2";
				TEST_HOST = "$(BUILT_PRODUCTS_DIR)/share.app/$(BUNDLE_EXECUTABLE_FOLDER_PATH)/share";
			};
			name = Debug;
		};
		B6B265882A8066E90040ACBD /* Release */ = {
			isa = XCBuildConfiguration;
			buildSettings = {
				ALWAYS_EMBED_SWIFT_STANDARD_LIBRARIES = YES;
				BUNDLE_LOADER = "$(TEST_HOST)";
				CODE_SIGN_STYLE = Automatic;
				CURRENT_PROJECT_VERSION = 1;
				GENERATE_INFOPLIST_FILE = YES;
				IPHONEOS_DEPLOYMENT_TARGET = 16.4;
				MACOSX_DEPLOYMENT_TARGET = 13.3;
				MARKETING_VERSION = 1.0;
				PRODUCT_BUNDLE_IDENTIFIER = lyndskg.shareTests;
				PRODUCT_NAME = "$(TARGET_NAME)";
				SDKROOT = auto;
				SUPPORTED_PLATFORMS = "iphoneos iphonesimulator macosx";
				SWIFT_COMPILATION_MODE = wholemodule;
				SWIFT_EMIT_LOC_STRINGS = NO;
				SWIFT_OPTIMIZATION_LEVEL = "-O";
				SWIFT_VERSION = 5.0;
				TARGETED_DEVICE_FAMILY = "1,2";
				TEST_HOST = "$(BUILT_PRODUCTS_DIR)/share.app/$(BUNDLE_EXECUTABLE_FOLDER_PATH)/share";
			};
			name = Release;
		};
		B6B2658A2A8066E90040ACBD /* Debug */ = {
			isa = XCBuildConfiguration;
			buildSettings = {
				ALWAYS_EMBED_SWIFT_STANDARD_LIBRARIES = YES;
				CODE_SIGN_STYLE = Automatic;
				CURRENT_PROJECT_VERSION = 1;
				GENERATE_INFOPLIST_FILE = YES;
				IPHONEOS_DEPLOYMENT_TARGET = 16.4;
				MACOSX_DEPLOYMENT_TARGET = 13.3;
				MARKETING_VERSION = 1.0;
				PRODUCT_BUNDLE_IDENTIFIER = lyndskg.shareUITests;
				PRODUCT_NAME = "$(TARGET_NAME)";
				SDKROOT = auto;
				SUPPORTED_PLATFORMS = "iphoneos iphonesimulator macosx";
				SWIFT_ACTIVE_COMPILATION_CONDITIONS = DEBUG;
				SWIFT_EMIT_LOC_STRINGS = NO;
				SWIFT_OPTIMIZATION_LEVEL = "-Onone";
				SWIFT_VERSION = 5.0;
				TARGETED_DEVICE_FAMILY = "1,2";
				TEST_TARGET_NAME = share;
			};
			name = Debug;
		};
		B6B2658B2A8066E90040ACBD /* Release */ = {
			isa = XCBuildConfiguration;
			buildSettings = {
				ALWAYS_EMBED_SWIFT_STANDARD_LIBRARIES = YES;
				CODE_SIGN_STYLE = Automatic;
				CURRENT_PROJECT_VERSION = 1;
				GENERATE_INFOPLIST_FILE = YES;
				IPHONEOS_DEPLOYMENT_TARGET = 16.4;
				MACOSX_DEPLOYMENT_TARGET = 13.3;
				MARKETING_VERSION = 1.0;
				PRODUCT_BUNDLE_IDENTIFIER = lyndskg.shareUITests;
				PRODUCT_NAME = "$(TARGET_NAME)";
				SDKROOT = auto;
				SUPPORTED_PLATFORMS = "iphoneos iphonesimulator macosx";
				SWIFT_COMPILATION_MODE = wholemodule;
				SWIFT_EMIT_LOC_STRINGS = NO;
				SWIFT_OPTIMIZATION_LEVEL = "-O";
				SWIFT_VERSION = 5.0;
				TARGETED_DEVICE_FAMILY = "1,2";
				TEST_TARGET_NAME = share;
			};
			name = Release;
		};
		B6B265922A8067660040ACBD /* Debug */ = {
			isa = XCBuildConfiguration;
			buildSettings = {
				CODE_SIGN_STYLE = Automatic;
				DEBUGGING_SYMBOLS = YES;
				DEBUG_INFORMATION_FORMAT = dwarf;
				GCC_GENERATE_DEBUGGING_SYMBOLS = YES;
				GCC_OPTIMIZATION_LEVEL = 0;
				OTHER_CFLAGS = "";
				OTHER_LDFLAGS = "";
				PRODUCT_NAME = "$(TARGET_NAME)";
			};
			name = Debug;
		};
		B6B265932A8067660040ACBD /* Release */ = {
			isa = XCBuildConfiguration;
			buildSettings = {
				CODE_SIGN_STYLE = Automatic;
				DEBUG_INFORMATION_FORMAT = "dwarf-with-dsym";
				OTHER_CFLAGS = "";
				OTHER_LDFLAGS = "";
				PRODUCT_NAME = "$(TARGET_NAME)";
			};
			name = Release;
		};
/* End XCBuildConfiguration section */

/* Begin XCConfigurationList section */
		B6B265472A8055E30040ACBD /* Build configuration list for PBXProject "poshamatic" */ = {
			isa = XCConfigurationList;
			buildConfigurations = (
				B6B265492A8055E30040ACBD /* Debug */,
				B6B2654A2A8055E30040ACBD /* Release */,
			);
			defaultConfigurationIsVisible = 0;
			defaultConfigurationName = Release;
		};
		B6B2654B2A8055E30040ACBD /* Build configuration list for PBXLegacyTarget "poshamatic" */ = {
			isa = XCConfigurationList;
			buildConfigurations = (
				B6B2654C2A8055E30040ACBD /* Debug */,
				B6B2654D2A8055E30040ACBD /* Release */,
			);
			defaultConfigurationIsVisible = 0;
			defaultConfigurationName = Release;
		};
		B6B265832A8066E90040ACBD /* Build configuration list for PBXNativeTarget "share" */ = {
			isa = XCConfigurationList;
			buildConfigurations = (
				B6B265842A8066E90040ACBD /* Debug */,
				B6B265852A8066E90040ACBD /* Release */,
			);
			defaultConfigurationIsVisible = 0;
			defaultConfigurationName = Release;
		};
		B6B265862A8066E90040ACBD /* Build configuration list for PBXNativeTarget "shareTests" */ = {
			isa = XCConfigurationList;
			buildConfigurations = (
				B6B265872A8066E90040ACBD /* Debug */,
				B6B265882A8066E90040ACBD /* Release */,
			);
			defaultConfigurationIsVisible = 0;
			defaultConfigurationName = Release;
		};
		B6B265892A8066E90040ACBD /* Build configuration list for PBXNativeTarget "shareUITests" */ = {
			isa = XCConfigurationList;
			buildConfigurations = (
				B6B2658A2A8066E90040ACBD /* Debug */,
				B6B2658B2A8066E90040ACBD /* Release */,
			);
			defaultConfigurationIsVisible = 0;
			defaultConfigurationName = Release;
		};
		B6B265912A8067660040ACBD /* Build configuration list for PBXLegacyTarget "posh" */ = {
			isa = XCConfigurationList;
			buildConfigurations = (
				B6B265922A8067660040ACBD /* Debug */,
				B6B265932A8067660040ACBD /* Release */,
			);
			defaultConfigurationIsVisible = 0;
			defaultConfigurationName = Release;
		};
/* End XCConfigurationList section */

/* Begin XCVersionGroup section */
		B6B265622A8066E80040ACBD /* share.xcdatamodeld */ = {
			isa = XCVersionGroup;
			children = (
				B6B265632A8066E80040ACBD /* share.xcdatamodel */,
			);
			currentVersion = B6B265632A8066E80040ACBD /* share.xcdatamodel */;
			path = share.xcdatamodeld;
			sourceTree = "<group>";
			versionGroupType = wrapper.xcdatamodel;
		};
/* End XCVersionGroup section */
	};
	rootObject = B6B265442A8055E30040ACBD /* Project object */;
}
